// !$*UTF8*$!
{
	archiveVersion = 1;
	classes = {
	};
	objectVersion = 48;
	objects = {

/* Begin PBXBuildFile section */
		3073C5D51FD7D02D00DAF994 /* AppDelegate.swift in Sources */ = {isa = PBXBuildFile; fileRef = 3073C5D41FD7D02D00DAF994 /* AppDelegate.swift */; };
		3073C5D71FD7D02D00DAF994 /* XLsn0wAnimation.swift in Sources */ = {isa = PBXBuildFile; fileRef = 3073C5D61FD7D02D00DAF994 /* XLsn0wAnimation.swift */; };
		3073C5DA1FD7D02D00DAF994 /* Main.storyboard in Resources */ = {isa = PBXBuildFile; fileRef = 3073C5D81FD7D02D00DAF994 /* Main.storyboard */; };
		3073C5DC1FD7D02D00DAF994 /* Assets.xcassets in Resources */ = {isa = PBXBuildFile; fileRef = 3073C5DB1FD7D02D00DAF994 /* Assets.xcassets */; };
		3073C5DF1FD7D02D00DAF994 /* LaunchScreen.storyboard in Resources */ = {isa = PBXBuildFile; fileRef = 3073C5DD1FD7D02D00DAF994 /* LaunchScreen.storyboard */; };
		3073C5E71FD7D3DA00DAF994 /* CoreAnimationKeyPath.swift in Sources */ = {isa = PBXBuildFile; fileRef = 3073C5E61FD7D3DA00DAF994 /* CoreAnimationKeyPath.swift */; };
		30DC50581FDE71EA0011AA16 /* XLsn0wDispatchQueue.swift in Sources */ = {isa = PBXBuildFile; fileRef = 30DC50571FDE71EA0011AA16 /* XLsn0wDispatchQueue.swift */; };
		6607BE1420FF081A00E7A90B /* OffScreenRendering.m in Sources */ = {isa = PBXBuildFile; fileRef = 6607BE1320FF081A00E7A90B /* OffScreenRendering.m */; };
		6607BE1A20FF0BA300E7A90B /* NSOperationViewController.m in Sources */ = {isa = PBXBuildFile; fileRef = 6607BE1920FF0BA300E7A90B /* NSOperationViewController.m */; };
		6607BE1D20FF115500E7A90B /* SubOperation.m in Sources */ = {isa = PBXBuildFile; fileRef = 6607BE1C20FF115500E7A90B /* SubOperation.m */; };
		660A857820FD967600D6F05C /* XLsn0wLayer.m in Sources */ = {isa = PBXBuildFile; fileRef = 660A857720FD967600D6F05C /* XLsn0wLayer.m */; };
		660A857B20FD9D7700D6F05C /* SemaphoreViewController.m in Sources */ = {isa = PBXBuildFile; fileRef = 660A857A20FD9D7700D6F05C /* SemaphoreViewController.m */; };
		660AC4DE20FDD58500C865FF /* DispatchSemaphoreViewController.swift in Sources */ = {isa = PBXBuildFile; fileRef = 660AC4DD20FDD58500C865FF /* DispatchSemaphoreViewController.swift */; };
		660AC4E720FDE3B000C865FF /* GCDViewController.m in Sources */ = {isa = PBXBuildFile; fileRef = 660AC4E620FDE3B000C865FF /* GCDViewController.m */; };
		660AC4EA20FDF4A600C865FF /* CAAnimationViewController.m in Sources */ = {isa = PBXBuildFile; fileRef = 660AC4E920FDF4A600C865FF /* CAAnimationViewController.m */; };
		661FAD7320FECFE000946543 /* XLsn0wView.m in Sources */ = {isa = PBXBuildFile; fileRef = 661FAD7220FECFE000946543 /* XLsn0wView.m */; };
		661FAD7620FED2C700946543 /* DrawUIImage.m in Sources */ = {isa = PBXBuildFile; fileRef = 661FAD7520FED2C700946543 /* DrawUIImage.m */; };
		665563042100252C007865E1 /* UIViewAnimationViewController.m in Sources */ = {isa = PBXBuildFile; fileRef = 665563032100252C007865E1 /* UIViewAnimationViewController.m */; };
		665563062100296F007865E1 /* UIImageExtend.swift in Sources */ = {isa = PBXBuildFile; fileRef = 665563052100296F007865E1 /* UIImageExtend.swift */; };
		6655630921002CA5007865E1 /* ImageCropperViewController.m in Sources */ = {isa = PBXBuildFile; fileRef = 6655630721002CA5007865E1 /* ImageCropperViewController.m */; };
		6655630D21003DE6007865E1 /* WKWebViewController.m in Sources */ = {isa = PBXBuildFile; fileRef = 6655630C21003DE6007865E1 /* WKWebViewController.m */; };
		66E0B06620FC87D2000C0D51 /* hidden_alpha_opaque_clearColor.swift in Sources */ = {isa = PBXBuildFile; fileRef = 66E0B06520FC87D2000C0D51 /* hidden_alpha_opaque_clearColor.swift */; };
		CD85659520B6663400B7DD95 /* AppBetter.swift in Sources */ = {isa = PBXBuildFile; fileRef = CD85659420B6663400B7DD95 /* AppBetter.swift */; };
/* End PBXBuildFile section */

/* Begin PBXFileReference section */
		3033F8AA1FD8E0E90085A3D9 /* XLsn0wAnimation-Bridging-Header.h */ = {isa = PBXFileReference; lastKnownFileType = sourcecode.c.h; path = "XLsn0wAnimation-Bridging-Header.h"; sourceTree = "<group>"; };
		3073C5D11FD7D02D00DAF994 /* XLsn0wAnimation.app */ = {isa = PBXFileReference; explicitFileType = wrapper.application; includeInIndex = 0; path = XLsn0wAnimation.app; sourceTree = BUILT_PRODUCTS_DIR; };
		3073C5D41FD7D02D00DAF994 /* AppDelegate.swift */ = {isa = PBXFileReference; lastKnownFileType = sourcecode.swift; path = AppDelegate.swift; sourceTree = "<group>"; };
		3073C5D61FD7D02D00DAF994 /* XLsn0wAnimation.swift */ = {isa = PBXFileReference; lastKnownFileType = sourcecode.swift; path = XLsn0wAnimation.swift; sourceTree = "<group>"; };
		3073C5D91FD7D02D00DAF994 /* Base */ = {isa = PBXFileReference; lastKnownFileType = file.storyboard; name = Base; path = Base.lproj/Main.storyboard; sourceTree = "<group>"; };
		3073C5DB1FD7D02D00DAF994 /* Assets.xcassets */ = {isa = PBXFileReference; lastKnownFileType = folder.assetcatalog; path = Assets.xcassets; sourceTree = "<group>"; };
		3073C5DE1FD7D02D00DAF994 /* Base */ = {isa = PBXFileReference; lastKnownFileType = file.storyboard; name = Base; path = Base.lproj/LaunchScreen.storyboard; sourceTree = "<group>"; };
		3073C5E01FD7D02D00DAF994 /* Info.plist */ = {isa = PBXFileReference; lastKnownFileType = text.plist.xml; path = Info.plist; sourceTree = "<group>"; };
		3073C5E61FD7D3DA00DAF994 /* CoreAnimationKeyPath.swift */ = {isa = PBXFileReference; lastKnownFileType = sourcecode.swift; path = CoreAnimationKeyPath.swift; sourceTree = "<group>"; };
		30DC50571FDE71EA0011AA16 /* XLsn0wDispatchQueue.swift */ = {isa = PBXFileReference; lastKnownFileType = sourcecode.swift; path = XLsn0wDispatchQueue.swift; sourceTree = "<group>"; };
		6607BE1220FF081A00E7A90B /* OffScreenRendering.h */ = {isa = PBXFileReference; lastKnownFileType = sourcecode.c.h; path = OffScreenRendering.h; sourceTree = "<group>"; };
		6607BE1320FF081A00E7A90B /* OffScreenRendering.m */ = {isa = PBXFileReference; lastKnownFileType = sourcecode.c.objc; path = OffScreenRendering.m; sourceTree = "<group>"; };
		6607BE1820FF0BA300E7A90B /* NSOperationViewController.h */ = {isa = PBXFileReference; lastKnownFileType = sourcecode.c.h; path = NSOperationViewController.h; sourceTree = "<group>"; };
		6607BE1920FF0BA300E7A90B /* NSOperationViewController.m */ = {isa = PBXFileReference; lastKnownFileType = sourcecode.c.objc; path = NSOperationViewController.m; sourceTree = "<group>"; };
		6607BE1B20FF115500E7A90B /* SubOperation.h */ = {isa = PBXFileReference; lastKnownFileType = sourcecode.c.h; path = SubOperation.h; sourceTree = "<group>"; };
		6607BE1C20FF115500E7A90B /* SubOperation.m */ = {isa = PBXFileReference; lastKnownFileType = sourcecode.c.objc; path = SubOperation.m; sourceTree = "<group>"; };
		660A857620FD967600D6F05C /* XLsn0wLayer.h */ = {isa = PBXFileReference; lastKnownFileType = sourcecode.c.h; path = XLsn0wLayer.h; sourceTree = "<group>"; };
		660A857720FD967600D6F05C /* XLsn0wLayer.m */ = {isa = PBXFileReference; lastKnownFileType = sourcecode.c.objc; path = XLsn0wLayer.m; sourceTree = "<group>"; };
		660A857920FD9D7700D6F05C /* SemaphoreViewController.h */ = {isa = PBXFileReference; lastKnownFileType = sourcecode.c.h; path = SemaphoreViewController.h; sourceTree = "<group>"; };
		660A857A20FD9D7700D6F05C /* SemaphoreViewController.m */ = {isa = PBXFileReference; lastKnownFileType = sourcecode.c.objc; path = SemaphoreViewController.m; sourceTree = "<group>"; };
		660AC4DD20FDD58500C865FF /* DispatchSemaphoreViewController.swift */ = {isa = PBXFileReference; lastKnownFileType = sourcecode.swift; path = DispatchSemaphoreViewController.swift; sourceTree = "<group>"; };
		660AC4E520FDE3B000C865FF /* GCDViewController.h */ = {isa = PBXFileReference; lastKnownFileType = sourcecode.c.h; path = GCDViewController.h; sourceTree = "<group>"; };
		660AC4E620FDE3B000C865FF /* GCDViewController.m */ = {isa = PBXFileReference; lastKnownFileType = sourcecode.c.objc; path = GCDViewController.m; sourceTree = "<group>"; };
		660AC4E820FDF4A600C865FF /* CAAnimationViewController.h */ = {isa = PBXFileReference; lastKnownFileType = sourcecode.c.h; path = CAAnimationViewController.h; sourceTree = "<group>"; };
		660AC4E920FDF4A600C865FF /* CAAnimationViewController.m */ = {isa = PBXFileReference; lastKnownFileType = sourcecode.c.objc; path = CAAnimationViewController.m; sourceTree = "<group>"; };
		661FAD7120FECFE000946543 /* XLsn0wView.h */ = {isa = PBXFileReference; lastKnownFileType = sourcecode.c.h; path = XLsn0wView.h; sourceTree = "<group>"; };
		661FAD7220FECFE000946543 /* XLsn0wView.m */ = {isa = PBXFileReference; lastKnownFileType = sourcecode.c.objc; path = XLsn0wView.m; sourceTree = "<group>"; };
		661FAD7420FED2C700946543 /* DrawUIImage.h */ = {isa = PBXFileReference; lastKnownFileType = sourcecode.c.h; path = DrawUIImage.h; sourceTree = "<group>"; };
		661FAD7520FED2C700946543 /* DrawUIImage.m */ = {isa = PBXFileReference; lastKnownFileType = sourcecode.c.objc; path = DrawUIImage.m; sourceTree = "<group>"; };
		665563022100252C007865E1 /* UIViewAnimationViewController.h */ = {isa = PBXFileReference; lastKnownFileType = sourcecode.c.h; path = UIViewAnimationViewController.h; sourceTree = "<group>"; };
		665563032100252C007865E1 /* UIViewAnimationViewController.m */ = {isa = PBXFileReference; lastKnownFileType = sourcecode.c.objc; path = UIViewAnimationViewController.m; sourceTree = "<group>"; };
		665563052100296F007865E1 /* UIImageExtend.swift */ = {isa = PBXFileReference; lastKnownFileType = sourcecode.swift; path = UIImageExtend.swift; sourceTree = "<group>"; };
		6655630721002CA5007865E1 /* ImageCropperViewController.m */ = {isa = PBXFileReference; fileEncoding = 4; lastKnownFileType = sourcecode.c.objc; path = ImageCropperViewController.m; sourceTree = "<group>"; };
		6655630821002CA5007865E1 /* ImageCropperViewController.h */ = {isa = PBXFileReference; fileEncoding = 4; lastKnownFileType = sourcecode.c.h; path = ImageCropperViewController.h; sourceTree = "<group>"; };
		6655630B21003DE6007865E1 /* WKWebViewController.h */ = {isa = PBXFileReference; lastKnownFileType = sourcecode.c.h; path = WKWebViewController.h; sourceTree = "<group>"; };
		6655630C21003DE6007865E1 /* WKWebViewController.m */ = {isa = PBXFileReference; lastKnownFileType = sourcecode.c.objc; path = WKWebViewController.m; sourceTree = "<group>"; };
		66E0B06520FC87D2000C0D51 /* hidden_alpha_opaque_clearColor.swift */ = {isa = PBXFileReference; lastKnownFileType = sourcecode.swift; path = hidden_alpha_opaque_clearColor.swift; sourceTree = "<group>"; };
		CD85659420B6663400B7DD95 /* AppBetter.swift */ = {isa = PBXFileReference; lastKnownFileType = sourcecode.swift; path = AppBetter.swift; sourceTree = "<group>"; };
/* End PBXFileReference section */

/* Begin PBXFrameworksBuildPhase section */
		3073C5CE1FD7D02D00DAF994 /* Frameworks */ = {
			isa = PBXFrameworksBuildPhase;
			buildActionMask = 2147483647;
			files = (
			);
			runOnlyForDeploymentPostprocessing = 0;
		};
/* End PBXFrameworksBuildPhase section */

/* Begin PBXGroup section */
		3073C5C81FD7D02D00DAF994 = {
			isa = PBXGroup;
			children = (
				3073C5D31FD7D02D00DAF994 /* XLsn0wAnimation */,
				3073C5D21FD7D02D00DAF994 /* Products */,
			);
			sourceTree = "<group>";
		};
		3073C5D21FD7D02D00DAF994 /* Products */ = {
			isa = PBXGroup;
			children = (
				3073C5D11FD7D02D00DAF994 /* XLsn0wAnimation.app */,
			);
			name = Products;
			sourceTree = "<group>";
		};
		3073C5D31FD7D02D00DAF994 /* XLsn0wAnimation */ = {
			isa = PBXGroup;
			children = (
				3073C5D41FD7D02D00DAF994 /* AppDelegate.swift */,
				6655630A21003DBC007865E1 /* WKWebView */,
				6655630121002422007865E1 /* CAAnimation */,
				66556300210023F9007865E1 /* PerformanceOptimization */,
				665562FF2100237E007865E1 /* DispatchQueue */,
				6607BE1720FF09E400E7A90B /* NSOperation */,
				3073C5D81FD7D02D00DAF994 /* Main.storyboard */,
				3073C5DB1FD7D02D00DAF994 /* Assets.xcassets */,
				3073C5DD1FD7D02D00DAF994 /* LaunchScreen.storyboard */,
				3073C5E01FD7D02D00DAF994 /* Info.plist */,
				3033F8AA1FD8E0E90085A3D9 /* XLsn0wAnimation-Bridging-Header.h */,
			);
			path = XLsn0wAnimation;
			sourceTree = "<group>";
		};
		6607BE1720FF09E400E7A90B /* NSOperation */ = {
			isa = PBXGroup;
			children = (
				6607BE1820FF0BA300E7A90B /* NSOperationViewController.h */,
				6607BE1920FF0BA300E7A90B /* NSOperationViewController.m */,
				6607BE1B20FF115500E7A90B /* SubOperation.h */,
				6607BE1C20FF115500E7A90B /* SubOperation.m */,
			);
			path = NSOperation;
			sourceTree = "<group>";
		};
		665562FF2100237E007865E1 /* DispatchQueue */ = {
			isa = PBXGroup;
			children = (
				660AC4E520FDE3B000C865FF /* GCDViewController.h */,
				660AC4E620FDE3B000C865FF /* GCDViewController.m */,
				660A857920FD9D7700D6F05C /* SemaphoreViewController.h */,
				660A857A20FD9D7700D6F05C /* SemaphoreViewController.m */,
				30DC50571FDE71EA0011AA16 /* XLsn0wDispatchQueue.swift */,
				660AC4DD20FDD58500C865FF /* DispatchSemaphoreViewController.swift */,
			);
			path = DispatchQueue;
			sourceTree = "<group>";
		};
		66556300210023F9007865E1 /* PerformanceOptimization */ = {
			isa = PBXGroup;
			children = (
				661FAD7420FED2C700946543 /* DrawUIImage.h */,
				661FAD7520FED2C700946543 /* DrawUIImage.m */,
				6607BE1220FF081A00E7A90B /* OffScreenRendering.h */,
				6607BE1320FF081A00E7A90B /* OffScreenRendering.m */,
				665563052100296F007865E1 /* UIImageExtend.swift */,
				CD85659420B6663400B7DD95 /* AppBetter.swift */,
				66E0B06520FC87D2000C0D51 /* hidden_alpha_opaque_clearColor.swift */,
				660A857620FD967600D6F05C /* XLsn0wLayer.h */,
				660A857720FD967600D6F05C /* XLsn0wLayer.m */,
				661FAD7120FECFE000946543 /* XLsn0wView.h */,
				661FAD7220FECFE000946543 /* XLsn0wView.m */,
				6655630821002CA5007865E1 /* ImageCropperViewController.h */,
				6655630721002CA5007865E1 /* ImageCropperViewController.m */,
			);
			path = PerformanceOptimization;
			sourceTree = "<group>";
		};
		6655630121002422007865E1 /* CAAnimation */ = {
			isa = PBXGroup;
			children = (
				3073C5E61FD7D3DA00DAF994 /* CoreAnimationKeyPath.swift */,
				3073C5D61FD7D02D00DAF994 /* XLsn0wAnimation.swift */,
				660AC4E820FDF4A600C865FF /* CAAnimationViewController.h */,
				660AC4E920FDF4A600C865FF /* CAAnimationViewController.m */,
				665563022100252C007865E1 /* UIViewAnimationViewController.h */,
				665563032100252C007865E1 /* UIViewAnimationViewController.m */,
			);
			path = CAAnimation;
			sourceTree = "<group>";
		};
		6655630A21003DBC007865E1 /* WKWebView */ = {
			isa = PBXGroup;
			children = (
				6655630B21003DE6007865E1 /* WKWebViewController.h */,
				6655630C21003DE6007865E1 /* WKWebViewController.m */,
			);
			path = WKWebView;
			sourceTree = "<group>";
		};
/* End PBXGroup section */

/* Begin PBXNativeTarget section */
		3073C5D01FD7D02D00DAF994 /* XLsn0wAnimation */ = {
			isa = PBXNativeTarget;
			buildConfigurationList = 3073C5E31FD7D02D00DAF994 /* Build configuration list for PBXNativeTarget "XLsn0wAnimation" */;
			buildPhases = (
				3073C5CD1FD7D02D00DAF994 /* Sources */,
				3073C5CE1FD7D02D00DAF994 /* Frameworks */,
				3073C5CF1FD7D02D00DAF994 /* Resources */,
			);
			buildRules = (
			);
			dependencies = (
			);
			name = XLsn0wAnimation;
			productName = XLsn0wAnimation;
			productReference = 3073C5D11FD7D02D00DAF994 /* XLsn0wAnimation.app */;
			productType = "com.apple.product-type.application";
		};
/* End PBXNativeTarget section */

/* Begin PBXProject section */
		3073C5C91FD7D02D00DAF994 /* Project object */ = {
			isa = PBXProject;
			attributes = {
				LastSwiftUpdateCheck = 0920;
				LastUpgradeCheck = 0940;
				ORGANIZATIONNAME = XLsn0w;
				TargetAttributes = {
					3073C5D01FD7D02D00DAF994 = {
						CreatedOnToolsVersion = 9.2;
						LastSwiftMigration = 0920;
						ProvisioningStyle = Automatic;
					};
				};
			};
			buildConfigurationList = 3073C5CC1FD7D02D00DAF994 /* Build configuration list for PBXProject "XLsn0wAnimation" */;
			compatibilityVersion = "Xcode 8.0";
			developmentRegion = en;
			hasScannedForEncodings = 0;
			knownRegions = (
				en,
				Base,
			);
			mainGroup = 3073C5C81FD7D02D00DAF994;
			productRefGroup = 3073C5D21FD7D02D00DAF994 /* Products */;
			projectDirPath = "";
			projectRoot = "";
			targets = (
				3073C5D01FD7D02D00DAF994 /* XLsn0wAnimation */,
			);
		};
/* End PBXProject section */

/* Begin PBXResourcesBuildPhase section */
		3073C5CF1FD7D02D00DAF994 /* Resources */ = {
			isa = PBXResourcesBuildPhase;
			buildActionMask = 2147483647;
			files = (
				3073C5DF1FD7D02D00DAF994 /* LaunchScreen.storyboard in Resources */,
				3073C5DC1FD7D02D00DAF994 /* Assets.xcassets in Resources */,
				3073C5DA1FD7D02D00DAF994 /* Main.storyboard in Resources */,
			);
			runOnlyForDeploymentPostprocessing = 0;
		};
/* End PBXResourcesBuildPhase section */

/* Begin PBXSourcesBuildPhase section */
		3073C5CD1FD7D02D00DAF994 /* Sources */ = {
			isa = PBXSourcesBuildPhase;
			buildActionMask = 2147483647;
			files = (
				30DC50581FDE71EA0011AA16 /* XLsn0wDispatchQueue.swift in Sources */,
				665563062100296F007865E1 /* UIImageExtend.swift in Sources */,
				660AC4EA20FDF4A600C865FF /* CAAnimationViewController.m in Sources */,
				660A857B20FD9D7700D6F05C /* SemaphoreViewController.m in Sources */,
				661FAD7620FED2C700946543 /* DrawUIImage.m in Sources */,
				6607BE1D20FF115500E7A90B /* SubOperation.m in Sources */,
				665563042100252C007865E1 /* UIViewAnimationViewController.m in Sources */,
				660A857820FD967600D6F05C /* XLsn0wLayer.m in Sources */,
				660AC4DE20FDD58500C865FF /* DispatchSemaphoreViewController.swift in Sources */,
				CD85659520B6663400B7DD95 /* AppBetter.swift in Sources */,
				661FAD7320FECFE000946543 /* XLsn0wView.m in Sources */,
				66E0B06620FC87D2000C0D51 /* hidden_alpha_opaque_clearColor.swift in Sources */,
				660AC4E720FDE3B000C865FF /* GCDViewController.m in Sources */,
				6607BE1420FF081A00E7A90B /* OffScreenRendering.m in Sources */,
				6607BE1A20FF0BA300E7A90B /* NSOperationViewController.m in Sources */,
				6655630D21003DE6007865E1 /* WKWebViewController.m in Sources */,
				3073C5E71FD7D3DA00DAF994 /* CoreAnimationKeyPath.swift in Sources */,
				3073C5D71FD7D02D00DAF994 /* XLsn0wAnimation.swift in Sources */,
				6655630921002CA5007865E1 /* ImageCropperViewController.m in Sources */,
				3073C5D51FD7D02D00DAF994 /* AppDelegate.swift in Sources */,
			);
			runOnlyForDeploymentPostprocessing = 0;
		};
/* End PBXSourcesBuildPhase section */

/* Begin PBXVariantGroup section */
		3073C5D81FD7D02D00DAF994 /* Main.storyboard */ = {
			isa = PBXVariantGroup;
			children = (
				3073C5D91FD7D02D00DAF994 /* Base */,
			);
			name = Main.storyboard;
			sourceTree = "<group>";
		};
		3073C5DD1FD7D02D00DAF994 /* LaunchScreen.storyboard */ = {
			isa = PBXVariantGroup;
			children = (
				3073C5DE1FD7D02D00DAF994 /* Base */,
			);
			name = LaunchScreen.storyboard;
			sourceTree = "<group>";
		};
/* End PBXVariantGroup section */

/* Begin XCBuildConfiguration section */
		3073C5E11FD7D02D00DAF994 /* Debug */ = {
			isa = XCBuildConfiguration;
			buildSettings = {
				ALWAYS_SEARCH_USER_PATHS = NO;
				CLANG_ANALYZER_NONNULL = YES;
				CLANG_ANALYZER_NUMBER_OBJECT_CONVERSION = YES_AGGRESSIVE;
				CLANG_CXX_LANGUAGE_STANDARD = "gnu++14";
				CLANG_CXX_LIBRARY = "libc++";
				CLANG_ENABLE_MODULES = YES;
				CLANG_ENABLE_OBJC_ARC = YES;
				CLANG_WARN_BLOCK_CAPTURE_AUTORELEASING = YES;
				CLANG_WARN_BOOL_CONVERSION = YES;
				CLANG_WARN_COMMA = YES;
				CLANG_WARN_CONSTANT_CONVERSION = YES;
				CLANG_WARN_DEPRECATED_OBJC_IMPLEMENTATIONS = YES;
				CLANG_WARN_DIRECT_OBJC_ISA_USAGE = YES_ERROR;
				CLANG_WARN_DOCUMENTATION_COMMENTS = YES;
				CLANG_WARN_EMPTY_BODY = YES;
				CLANG_WARN_ENUM_CONVERSION = YES;
				CLANG_WARN_INFINITE_RECURSION = YES;
				CLANG_WARN_INT_CONVERSION = YES;
				CLANG_WARN_NON_LITERAL_NULL_CONVERSION = YES;
				CLANG_WARN_OBJC_IMPLICIT_RETAIN_SELF = YES;
				CLANG_WARN_OBJC_LITERAL_CONVERSION = YES;
				CLANG_WARN_OBJC_ROOT_CLASS = YES_ERROR;
				CLANG_WARN_RANGE_LOOP_ANALYSIS = YES;
				CLANG_WARN_STRICT_PROTOTYPES = YES;
				CLANG_WARN_SUSPICIOUS_MOVE = YES;
				CLANG_WARN_UNGUARDED_AVAILABILITY = YES_AGGRESSIVE;
				CLANG_WARN_UNREACHABLE_CODE = YES;
				CLANG_WARN__DUPLICATE_METHOD_MATCH = YES;
				CODE_SIGN_IDENTITY = "iPhone Developer";
				COPY_PHASE_STRIP = NO;
				DEBUG_INFORMATION_FORMAT = dwarf;
				ENABLE_STRICT_OBJC_MSGSEND = YES;
				ENABLE_TESTABILITY = YES;
				GCC_C_LANGUAGE_STANDARD = gnu11;
				GCC_DYNAMIC_NO_PIC = NO;
				GCC_NO_COMMON_BLOCKS = YES;
				GCC_OPTIMIZATION_LEVEL = 0;
				GCC_PREPROCESSOR_DEFINITIONS = (
					"DEBUG=1",
					"$(inherited)",
				);
				GCC_WARN_64_TO_32_BIT_CONVERSION = YES;
				GCC_WARN_ABOUT_RETURN_TYPE = YES_ERROR;
				GCC_WARN_UNDECLARED_SELECTOR = YES;
				GCC_WARN_UNINITIALIZED_AUTOS = YES_AGGRESSIVE;
				GCC_WARN_UNUSED_FUNCTION = YES;
				GCC_WARN_UNUSED_VARIABLE = YES;
				IPHONEOS_DEPLOYMENT_TARGET = 11.2;
				MTL_ENABLE_DEBUG_INFO = YES;
				ONLY_ACTIVE_ARCH = YES;
				SDKROOT = iphoneos;
				SWIFT_ACTIVE_COMPILATION_CONDITIONS = DEBUG;
				SWIFT_OPTIMIZATION_LEVEL = "-Onone";
			};
			name = Debug;
		};
		3073C5E21FD7D02D00DAF994 /* Release */ = {
			isa = XCBuildConfiguration;
			buildSettings = {
				ALWAYS_SEARCH_USER_PATHS = NO;
				CLANG_ANALYZER_NONNULL = YES;
				CLANG_ANALYZER_NUMBER_OBJECT_CONVERSION = YES_AGGRESSIVE;
				CLANG_CXX_LANGUAGE_STANDARD = "gnu++14";
				CLANG_CXX_LIBRARY = "libc++";
				CLANG_ENABLE_MODULES = YES;
				CLANG_ENABLE_OBJC_ARC = YES;
				CLANG_WARN_BLOCK_CAPTURE_AUTORELEASING = YES;
				CLANG_WARN_BOOL_CONVERSION = YES;
				CLANG_WARN_COMMA = YES;
				CLANG_WARN_CONSTANT_CONVERSION = YES;
				CLANG_WARN_DEPRECATED_OBJC_IMPLEMENTATIONS = YES;
				CLANG_WARN_DIRECT_OBJC_ISA_USAGE = YES_ERROR;
				CLANG_WARN_DOCUMENTATION_COMMENTS = YES;
				CLANG_WARN_EMPTY_BODY = YES;
				CLANG_WARN_ENUM_CONVERSION = YES;
				CLANG_WARN_INFINITE_RECURSION = YES;
				CLANG_WARN_INT_CONVERSION = YES;
				CLANG_WARN_NON_LITERAL_NULL_CONVERSION = YES;
				CLANG_WARN_OBJC_IMPLICIT_RETAIN_SELF = YES;
				CLANG_WARN_OBJC_LITERAL_CONVERSION = YES;
				CLANG_WARN_OBJC_ROOT_CLASS = YES_ERROR;
				CLANG_WARN_RANGE_LOOP_ANALYSIS = YES;
				CLANG_WARN_STRICT_PROTOTYPES = YES;
				CLANG_WARN_SUSPICIOUS_MOVE = YES;
				CLANG_WARN_UNGUARDED_AVAILABILITY = YES_AGGRESSIVE;
				CLANG_WARN_UNREACHABLE_CODE = YES;
				CLANG_WARN__DUPLICATE_METHOD_MATCH = YES;
				CODE_SIGN_IDENTITY = "iPhone Developer";
				COPY_PHASE_STRIP = NO;
				DEBUG_INFORMATION_FORMAT = "dwarf-with-dsym";
				ENABLE_NS_ASSERTIONS = NO;
				ENABLE_STRICT_OBJC_MSGSEND = YES;
				GCC_C_LANGUAGE_STANDARD = gnu11;
				GCC_NO_COMMON_BLOCKS = YES;
				GCC_WARN_64_TO_32_BIT_CONVERSION = YES;
				GCC_WARN_ABOUT_RETURN_TYPE = YES_ERROR;
				GCC_WARN_UNDECLARED_SELECTOR = YES;
				GCC_WARN_UNINITIALIZED_AUTOS = YES_AGGRESSIVE;
				GCC_WARN_UNUSED_FUNCTION = YES;
				GCC_WARN_UNUSED_VARIABLE = YES;
				IPHONEOS_DEPLOYMENT_TARGET = 11.2;
				MTL_ENABLE_DEBUG_INFO = NO;
				SDKROOT = iphoneos;
				SWIFT_OPTIMIZATION_LEVEL = "-Owholemodule";
				VALIDATE_PRODUCT = YES;
			};
			name = Release;
		};
		3073C5E41FD7D02D00DAF994 /* Debug */ = {
			isa = XCBuildConfiguration;
			buildSettings = {
				ASSETCATALOG_COMPILER_APPICON_NAME = AppIcon;
				CLANG_ENABLE_MODULES = YES;
				CODE_SIGN_STYLE = Automatic;
				INFOPLIST_FILE = XLsn0wAnimation/Info.plist;
				LD_RUNPATH_SEARCH_PATHS = "$(inherited) @executable_path/Frameworks";
				PRODUCT_BUNDLE_IDENTIFIER = com.xlsn0w.XLsn0wAnimation;
				PRODUCT_NAME = "$(TARGET_NAME)";
				SWIFT_OBJC_BRIDGING_HEADER = "XLsn0wAnimation/XLsn0wAnimation-Bridging-Header.h";
				SWIFT_OPTIMIZATION_LEVEL = "-Onone";
				SWIFT_VERSION = 4.0;
				TARGETED_DEVICE_FAMILY = "1,2";
			};
			name = Debug;
		};
		3073C5E51FD7D02D00DAF994 /* Release */ = {
			isa = XCBuildConfiguration;
			buildSettings = {
				ASSETCATALOG_COMPILER_APPICON_NAME = AppIcon;
				CLANG_ENABLE_MODULES = YES;
				CODE_SIGN_STYLE = Automatic;
				INFOPLIST_FILE = XLsn0wAnimation/Info.plist;
				LD_RUNPATH_SEARCH_PATHS = "$(inherited) @executable_path/Frameworks";
				PRODUCT_BUNDLE_IDENTIFIER = com.xlsn0w.XLsn0wAnimation;
				PRODUCT_NAME = "$(TARGET_NAME)";
				SWIFT_OBJC_BRIDGING_HEADER = "XLsn0wAnimation/XLsn0wAnimation-Bridging-Header.h";
				SWIFT_VERSION = 4.0;
				TARGETED_DEVICE_FAMILY = "1,2";
			};
			name = Release;
		};
/* End XCBuildConfiguration section */

/* Begin XCConfigurationList section */
		3073C5CC1FD7D02D00DAF994 /* Build configuration list for PBXProject "XLsn0wAnimation" */ = {
			isa = XCConfigurationList;
			buildConfigurations = (
				3073C5E11FD7D02D00DAF994 /* Debug */,
				3073C5E21FD7D02D00DAF994 /* Release */,
			);
			defaultConfigurationIsVisible = 0;
			defaultConfigurationName = Release;
		};
		3073C5E31FD7D02D00DAF994 /* Build configuration list for PBXNativeTarget "XLsn0wAnimation" */ = {
			isa = XCConfigurationList;
			buildConfigurations = (
				3073C5E41FD7D02D00DAF994 /* Debug */,
				3073C5E51FD7D02D00DAF994 /* Release */,
			);
			defaultConfigurationIsVisible = 0;
			defaultConfigurationName = Release;
		};
/* End XCConfigurationList section */
	};
	rootObject = 3073C5C91FD7D02D00DAF994 /* Project object */;
}
